{
  "name": "Phantom-Harness",
  "lockfileVersion": 3,
  "requires": true,
  "packages": {
    "": {
      "dependencies": {
        "@tauri-apps/api": "^2.9.1"
      }
    },
    "node_modules/@tauri-apps/api": {
      "version": "2.9.1",
      "resolved": "https://registry.npmjs.org/@tauri-apps/api/-/api-2.9.1.tgz",
      "integrity": "sha512-IGlhP6EivjXHepbBic618GOmiWe4URJiIeZFlB7x3czM0yDHHYviH1Xvoiv4FefdkQtn6v7TuwWCRfOGdnVUGw==",
      "license": "Apache-2.0 OR MIT",
      "funding": {
        "type": "opencollective",
        "url": "https://opencollective.com/tauri"
      }
    }
  }
}
